
Microsoft Visual Studio Solution File, Format Version 12.00
Project("{FAE04EC0-301F-11D3-BF4B-00C04F79EFBC}") = "GitHunter.Desktop.WindowsForm", "GitHunter.Desktop.WindowsForm\GitHunter.Desktop.WindowsForm.csproj", "{0ED622ED-B43D-4141-A873-CA13C1977EC1}"
EndProject
Project("{FAE04EC0-301F-11D3-BF4B-00C04F79EFBC}") = "GitHunter.Desktop.Shared", "GitHunter.Desktop.Shared\GitHunter.Desktop.Shared.csproj", "{83B16A53-494C-4E71-89B6-E34C7142E056}"
EndProject
Project("{FAE04EC0-301F-11D3-BF4B-00C04F79EFBC}") = "GitHunter.Application", "GitHunter.Application\GitHunter.Application.csproj", "{2B650D61-80E9-4698-AB06-C199691BC653}"
EndProject
Project("{2150E333-8FDC-42A3-9474-1A3956D46DE8}") = "src", "src", "{E0F4215C-3200-4945-B237-899FAE4C35CE}"
EndProject
Project("{FAE04EC0-301F-11D3-BF4B-00C04F79EFBC}") = "GitHunter.Application.Shared", "GitHunter.Application.Shared\GitHunter.Application.Shared.csproj", "{24152F27-DD62-43F3-B1BF-0DCD9EA79536}"
EndProject
Project("{FAE04EC0-301F-11D3-BF4B-00C04F79EFBC}") = "GitHunter.Core", "GitHunter.Core\GitHunter.Core.csproj", "{C568DBBA-E978-4743-BD05-6DCCC9C5EC09}"
EndProject
Project("{FAE04EC0-301F-11D3-BF4B-00C04F79EFBC}") = "GitHunter.Core.Shared", "GitHunter.Core.Shared\GitHunter.Core.Shared.csproj", "{68D6183C-DE16-4CEC-A777-D9C3CC24522D}"
EndProject
Global
	GlobalSection(SolutionConfigurationPlatforms) = preSolution
		Debug|Any CPU = Debug|Any CPU
		Release|Any CPU = Release|Any CPU
	EndGlobalSection
	GlobalSection(ProjectConfigurationPlatforms) = postSolution
		{0ED622ED-B43D-4141-A873-CA13C1977EC1}.Debug|Any CPU.ActiveCfg = Debug|Any CPU
		{0ED622ED-B43D-4141-A873-CA13C1977EC1}.Debug|Any CPU.Build.0 = Debug|Any CPU
		{0ED622ED-B43D-4141-A873-CA13C1977EC1}.Release|Any CPU.ActiveCfg = Release|Any CPU
		{0ED622ED-B43D-4141-A873-CA13C1977EC1}.Release|Any CPU.Build.0 = Release|Any CPU
		{83B16A53-494C-4E71-89B6-E34C7142E056}.Debug|Any CPU.ActiveCfg = Debug|Any CPU
		{83B16A53-494C-4E71-89B6-E34C7142E056}.Debug|Any CPU.Build.0 = Debug|Any CPU
		{83B16A53-494C-4E71-89B6-E34C7142E056}.Release|Any CPU.ActiveCfg = Release|Any CPU
		{83B16A53-494C-4E71-89B6-E34C7142E056}.Release|Any CPU.Build.0 = Release|Any CPU
		{2B650D61-80E9-4698-AB06-C199691BC653}.Debug|Any CPU.ActiveCfg = Debug|Any CPU
		{2B650D61-80E9-4698-AB06-C199691BC653}.Debug|Any CPU.Build.0 = Debug|Any CPU
		{2B650D61-80E9-4698-AB06-C199691BC653}.Release|Any CPU.ActiveCfg = Release|Any CPU
		{2B650D61-80E9-4698-AB06-C199691BC653}.Release|Any CPU.Build.0 = Release|Any CPU
		{24152F27-DD62-43F3-B1BF-0DCD9EA79536}.Debug|Any CPU.ActiveCfg = Debug|Any CPU
		{24152F27-DD62-43F3-B1BF-0DCD9EA79536}.Debug|Any CPU.Build.0 = Debug|Any CPU
		{24152F27-DD62-43F3-B1BF-0DCD9EA79536}.Release|Any CPU.ActiveCfg = Release|Any CPU
		{24152F27-DD62-43F3-B1BF-0DCD9EA79536}.Release|Any CPU.Build.0 = Release|Any CPU
		{C568DBBA-E978-4743-BD05-6DCCC9C5EC09}.Debug|Any CPU.ActiveCfg = Debug|Any CPU
		{C568DBBA-E978-4743-BD05-6DCCC9C5EC09}.Debug|Any CPU.Build.0 = Debug|Any CPU
		{C568DBBA-E978-4743-BD05-6DCCC9C5EC09}.Release|Any CPU.ActiveCfg = Release|Any CPU
		{C568DBBA-E978-4743-BD05-6DCCC9C5EC09}.Release|Any CPU.Build.0 = Release|Any CPU
		{68D6183C-DE16-4CEC-A777-D9C3CC24522D}.Debug|Any CPU.ActiveCfg = Debug|Any CPU
		{68D6183C-DE16-4CEC-A777-D9C3CC24522D}.Debug|Any CPU.Build.0 = Debug|Any CPU
		{68D6183C-DE16-4CEC-A777-D9C3CC24522D}.Release|Any CPU.ActiveCfg = Release|Any CPU
		{68D6183C-DE16-4CEC-A777-D9C3CC24522D}.Release|Any CPU.Build.0 = Release|Any CPU
	EndGlobalSection
	GlobalSection(NestedProjects) = preSolution
		{2B650D61-80E9-4698-AB06-C199691BC653} = {E0F4215C-3200-4945-B237-899FAE4C35CE}
		{0ED622ED-B43D-4141-A873-CA13C1977EC1} = {E0F4215C-3200-4945-B237-899FAE4C35CE}
		{83B16A53-494C-4E71-89B6-E34C7142E056} = {E0F4215C-3200-4945-B237-899FAE4C35CE}
		{24152F27-DD62-43F3-B1BF-0DCD9EA79536} = {E0F4215C-3200-4945-B237-899FAE4C35CE}
		{C568DBBA-E978-4743-BD05-6DCCC9C5EC09} = {E0F4215C-3200-4945-B237-899FAE4C35CE}
		{68D6183C-DE16-4CEC-A777-D9C3CC24522D} = {E0F4215C-3200-4945-B237-899FAE4C35CE}
	EndGlobalSection
EndGlobal
