
Microsoft Visual Studio Solution File, Format Version 12.00
# Visual Studio Version 17
VisualStudioVersion = 17.5.33103.201
MinimumVisualStudioVersion = 10.0.40219.1
Project("{9A19103F-16F7-4668-BE54-9A1E7A4F7556}") = "MetricHunter.Desktop.WindowsForm", "MetricHunter.Desktop.WindowsForm\MetricHunter.Desktop.WindowsForm.csproj", "{0ED622ED-B43D-4141-A873-CA13C1977EC1}"
EndProject
Project("{9A19103F-16F7-4668-BE54-9A1E7A4F7556}") = "MetricHunter.Desktop.Shared", "MetricHunter.Desktop.Shared\MetricHunter.Desktop.Shared.csproj", "{83B16A53-494C-4E71-89B6-E34C7142E056}"
EndProject
Project("{9A19103F-16F7-4668-BE54-9A1E7A4F7556}") = "MetricHunter.Application", "MetricHunter.Application\MetricHunter.Application.csproj", "{2B650D61-80E9-4698-AB06-C199691BC653}"
EndProject
Project("{2150E333-8FDC-42A3-9474-1A3956D46DE8}") = "src", "src", "{E0F4215C-3200-4945-B237-899FAE4C35CE}"
EndProject
Project("{9A19103F-16F7-4668-BE54-9A1E7A4F7556}") = "MetricHunter.Application.Shared", "MetricHunter.Application.Shared\MetricHunter.Application.Shared.csproj", "{24152F27-DD62-43F3-B1BF-0DCD9EA79536}"
EndProject
Project("{9A19103F-16F7-4668-BE54-9A1E7A4F7556}") = "MetricHunter.Core", "MetricHunter.Core\MetricHunter.Core.csproj", "{C568DBBA-E978-4743-BD05-6DCCC9C5EC09}"
EndProject
Project("{9A19103F-16F7-4668-BE54-9A1E7A4F7556}") = "MetricHunter.Core.Shared", "MetricHunter.Core.Shared\MetricHunter.Core.Shared.csproj", "{68D6183C-DE16-4CEC-A777-D9C3CC24522D}"
EndProject
Project("{54435603-DBB4-11D2-8724-00A0C9A8B90C}") = "Setup", "Setup\Setup.vdproj", "{0DF2A4E6-D1B7-4BB2-922D-32477D66D24A}"
EndProject
Global
	GlobalSection(SolutionConfigurationPlatforms) = preSolution
		Debug|Any CPU = Debug|Any CPU
		Release|Any CPU = Release|Any CPU
	EndGlobalSection
	GlobalSection(ProjectConfigurationPlatforms) = postSolution
		{0ED622ED-B43D-4141-A873-CA13C1977EC1}.Debug|Any CPU.ActiveCfg = Debug|Any CPU
		{0ED622ED-B43D-4141-A873-CA13C1977EC1}.Debug|Any CPU.Build.0 = Debug|Any CPU
		{0ED622ED-B43D-4141-A873-CA13C1977EC1}.Release|Any CPU.ActiveCfg = Release|Any CPU
		{0ED622ED-B43D-4141-A873-CA13C1977EC1}.Release|Any CPU.Build.0 = Release|Any CPU
		{83B16A53-494C-4E71-89B6-E34C7142E056}.Debug|Any CPU.ActiveCfg = Debug|Any CPU
		{83B16A53-494C-4E71-89B6-E34C7142E056}.Debug|Any CPU.Build.0 = Debug|Any CPU
		{83B16A53-494C-4E71-89B6-E34C7142E056}.Release|Any CPU.ActiveCfg = Release|Any CPU
		{83B16A53-494C-4E71-89B6-E34C7142E056}.Release|Any CPU.Build.0 = Release|Any CPU
		{2B650D61-80E9-4698-AB06-C199691BC653}.Debug|Any CPU.ActiveCfg = Debug|Any CPU
		{2B650D61-80E9-4698-AB06-C199691BC653}.Debug|Any CPU.Build.0 = Debug|Any CPU
		{2B650D61-80E9-4698-AB06-C199691BC653}.Release|Any CPU.ActiveCfg = Release|Any CPU
		{2B650D61-80E9-4698-AB06-C199691BC653}.Release|Any CPU.Build.0 = Release|Any CPU
		{24152F27-DD62-43F3-B1BF-0DCD9EA79536}.Debug|Any CPU.ActiveCfg = Debug|Any CPU
		{24152F27-DD62-43F3-B1BF-0DCD9EA79536}.Debug|Any CPU.Build.0 = Debug|Any CPU
		{24152F27-DD62-43F3-B1BF-0DCD9EA79536}.Release|Any CPU.ActiveCfg = Release|Any CPU
		{24152F27-DD62-43F3-B1BF-0DCD9EA79536}.Release|Any CPU.Build.0 = Release|Any CPU
		{C568DBBA-E978-4743-BD05-6DCCC9C5EC09}.Debug|Any CPU.ActiveCfg = Debug|Any CPU
		{C568DBBA-E978-4743-BD05-6DCCC9C5EC09}.Debug|Any CPU.Build.0 = Debug|Any CPU
		{C568DBBA-E978-4743-BD05-6DCCC9C5EC09}.Release|Any CPU.ActiveCfg = Release|Any CPU
		{C568DBBA-E978-4743-BD05-6DCCC9C5EC09}.Release|Any CPU.Build.0 = Release|Any CPU
		{68D6183C-DE16-4CEC-A777-D9C3CC24522D}.Debug|Any CPU.ActiveCfg = Debug|Any CPU
		{68D6183C-DE16-4CEC-A777-D9C3CC24522D}.Debug|Any CPU.Build.0 = Debug|Any CPU
		{68D6183C-DE16-4CEC-A777-D9C3CC24522D}.Release|Any CPU.ActiveCfg = Release|Any CPU
		{68D6183C-DE16-4CEC-A777-D9C3CC24522D}.Release|Any CPU.Build.0 = Release|Any CPU
		{0DF2A4E6-D1B7-4BB2-922D-32477D66D24A}.Debug|Any CPU.ActiveCfg = Debug
		{0DF2A4E6-D1B7-4BB2-922D-32477D66D24A}.Release|Any CPU.ActiveCfg = Release
	EndGlobalSection
	GlobalSection(SolutionProperties) = preSolution
		HideSolutionNode = FALSE
	EndGlobalSection
	GlobalSection(NestedProjects) = preSolution
		{0ED622ED-B43D-4141-A873-CA13C1977EC1} = {E0F4215C-3200-4945-B237-899FAE4C35CE}
		{83B16A53-494C-4E71-89B6-E34C7142E056} = {E0F4215C-3200-4945-B237-899FAE4C35CE}
		{2B650D61-80E9-4698-AB06-C199691BC653} = {E0F4215C-3200-4945-B237-899FAE4C35CE}
		{24152F27-DD62-43F3-B1BF-0DCD9EA79536} = {E0F4215C-3200-4945-B237-899FAE4C35CE}
		{C568DBBA-E978-4743-BD05-6DCCC9C5EC09} = {E0F4215C-3200-4945-B237-899FAE4C35CE}
		{68D6183C-DE16-4CEC-A777-D9C3CC24522D} = {E0F4215C-3200-4945-B237-899FAE4C35CE}
		{0DF2A4E6-D1B7-4BB2-922D-32477D66D24A} = {E0F4215C-3200-4945-B237-899FAE4C35CE}
	EndGlobalSection
	GlobalSection(ExtensibilityGlobals) = postSolution
		SolutionGuid = {0FFAA289-7D22-4B0B-B5A0-53CB7671BD0B}
	EndGlobalSection
EndGlobal
